// !$*UTF8*$!
{
	archiveVersion = 1;
	classes = {
	};
	objectVersion = 46;
	objects = {

/* Begin PBXBuildFile section */
		A2AAE1AC1E5B8C6000643CEF /* AppDelegate.swift in Sources */ = {isa = PBXBuildFile; fileRef = A2AAE1AB1E5B8C6000643CEF /* AppDelegate.swift */; };
		A2AAE1AE1E5B8C6000643CEF /* RootViewController.swift in Sources */ = {isa = PBXBuildFile; fileRef = A2AAE1AD1E5B8C6000643CEF /* RootViewController.swift */; };
		A2AAE1B01E5B8C6000643CEF /* DataViewController.swift in Sources */ = {isa = PBXBuildFile; fileRef = A2AAE1AF1E5B8C6000643CEF /* DataViewController.swift */; };
		A2AAE1B21E5B8C6000643CEF /* ModelController.swift in Sources */ = {isa = PBXBuildFile; fileRef = A2AAE1B11E5B8C6000643CEF /* ModelController.swift */; };
		A2AAE1B51E5B8C6000643CEF /* Main.storyboard in Resources */ = {isa = PBXBuildFile; fileRef = A2AAE1B31E5B8C6000643CEF /* Main.storyboard */; };
		A2AAE1B71E5B8C6000643CEF /* Assets.xcassets in Resources */ = {isa = PBXBuildFile; fileRef = A2AAE1B61E5B8C6000643CEF /* Assets.xcassets */; };
		A2AAE1BA1E5B8C6000643CEF /* LaunchScreen.storyboard in Resources */ = {isa = PBXBuildFile; fileRef = A2AAE1B81E5B8C6000643CEF /* LaunchScreen.storyboard */; };
		A2AAE1C51E5B8C6000643CEF /* RoadPointsAppTests.swift in Sources */ = {isa = PBXBuildFile; fileRef = A2AAE1C41E5B8C6000643CEF /* RoadPointsAppTests.swift */; };
		A2AAE1D01E5B8C6000643CEF /* RoadPointsAppUITests.swift in Sources */ = {isa = PBXBuildFile; fileRef = A2AAE1CF1E5B8C6000643CEF /* RoadPointsAppUITests.swift */; };
/* End PBXBuildFile section */

/* Begin PBXContainerItemProxy section */
		A2AAE1C11E5B8C6000643CEF /* PBXContainerItemProxy */ = {
			isa = PBXContainerItemProxy;
			containerPortal = A2AAE1A01E5B8C6000643CEF /* Project object */;
			proxyType = 1;
			remoteGlobalIDString = A2AAE1A71E5B8C6000643CEF;
			remoteInfo = RoadPointsApp;
		};
		A2AAE1CC1E5B8C6000643CEF /* PBXContainerItemProxy */ = {
			isa = PBXContainerItemProxy;
			containerPortal = A2AAE1A01E5B8C6000643CEF /* Project object */;
			proxyType = 1;
			remoteGlobalIDString = A2AAE1A71E5B8C6000643CEF;
			remoteInfo = RoadPointsApp;
		};
/* End PBXContainerItemProxy section */

/* Begin PBXFileReference section */
		A2AAE1A81E5B8C6000643CEF /* RoadPointsApp.app */ = {isa = PBXFileReference; explicitFileType = wrapper.application; includeInIndex = 0; path = RoadPointsApp.app; sourceTree = BUILT_PRODUCTS_DIR; };
		A2AAE1AB1E5B8C6000643CEF /* AppDelegate.swift */ = {isa = PBXFileReference; lastKnownFileType = sourcecode.swift; path = AppDelegate.swift; sourceTree = "<group>"; };
		A2AAE1AD1E5B8C6000643CEF /* RootViewController.swift */ = {isa = PBXFileReference; lastKnownFileType = sourcecode.swift; path = RootViewController.swift; sourceTree = "<group>"; };
		A2AAE1AF1E5B8C6000643CEF /* DataViewController.swift */ = {isa = PBXFileReference; lastKnownFileType = sourcecode.swift; path = DataViewController.swift; sourceTree = "<group>"; };
		A2AAE1B11E5B8C6000643CEF /* ModelController.swift */ = {isa = PBXFileReference; lastKnownFileType = sourcecode.swift; path = ModelController.swift; sourceTree = "<group>"; };
		A2AAE1B41E5B8C6000643CEF /* Base */ = {isa = PBXFileReference; lastKnownFileType = file.storyboard; name = Base; path = Base.lproj/Main.storyboard; sourceTree = "<group>"; };
		A2AAE1B61E5B8C6000643CEF /* Assets.xcassets */ = {isa = PBXFileReference; lastKnownFileType = folder.assetcatalog; path = Assets.xcassets; sourceTree = "<group>"; };
		A2AAE1B91E5B8C6000643CEF /* Base */ = {isa = PBXFileReference; lastKnownFileType = file.storyboard; name = Base; path = Base.lproj/LaunchScreen.storyboard; sourceTree = "<group>"; };
		A2AAE1BB1E5B8C6000643CEF /* Info.plist */ = {isa = PBXFileReference; lastKnownFileType = text.plist.xml; path = Info.plist; sourceTree = "<group>"; };
		A2AAE1C01E5B8C6000643CEF /* RoadPointsAppTests.xctest */ = {isa = PBXFileReference; explicitFileType = wrapper.cfbundle; includeInIndex = 0; path = RoadPointsAppTests.xctest; sourceTree = BUILT_PRODUCTS_DIR; };
		A2AAE1C41E5B8C6000643CEF /* RoadPointsAppTests.swift */ = {isa = PBXFileReference; lastKnownFileType = sourcecode.swift; path = RoadPointsAppTests.swift; sourceTree = "<group>"; };
		A2AAE1C61E5B8C6000643CEF /* Info.plist */ = {isa = PBXFileReference; lastKnownFileType = text.plist.xml; path = Info.plist; sourceTree = "<group>"; };
		A2AAE1CB1E5B8C6000643CEF /* RoadPointsAppUITests.xctest */ = {isa = PBXFileReference; explicitFileType = wrapper.cfbundle; includeInIndex = 0; path = RoadPointsAppUITests.xctest; sourceTree = BUILT_PRODUCTS_DIR; };
		A2AAE1CF1E5B8C6000643CEF /* RoadPointsAppUITests.swift */ = {isa = PBXFileReference; lastKnownFileType = sourcecode.swift; path = RoadPointsAppUITests.swift; sourceTree = "<group>"; };
		A2AAE1D11E5B8C6000643CEF /* Info.plist */ = {isa = PBXFileReference; lastKnownFileType = text.plist.xml; path = Info.plist; sourceTree = "<group>"; };
/* End PBXFileReference section */

/* Begin PBXFrameworksBuildPhase section */
		A2AAE1A51E5B8C6000643CEF /* Frameworks */ = {
			isa = PBXFrameworksBuildPhase;
			buildActionMask = 2147483647;
			files = (
			);
			runOnlyForDeploymentPostprocessing = 0;
		};
		A2AAE1BD1E5B8C6000643CEF /* Frameworks */ = {
			isa = PBXFrameworksBuildPhase;
			buildActionMask = 2147483647;
			files = (
			);
			runOnlyForDeploymentPostprocessing = 0;
		};
		A2AAE1C81E5B8C6000643CEF /* Frameworks */ = {
			isa = PBXFrameworksBuildPhase;
			buildActionMask = 2147483647;
			files = (
			);
			runOnlyForDeploymentPostprocessing = 0;
		};
/* End PBXFrameworksBuildPhase section */

/* Begin PBXGroup section */
		A2AAE19F1E5B8C6000643CEF = {
			isa = PBXGroup;
			children = (
				A2AAE1AA1E5B8C6000643CEF /* RoadPointsApp */,
				A2AAE1C31E5B8C6000643CEF /* RoadPointsAppTests */,
				A2AAE1CE1E5B8C6000643CEF /* RoadPointsAppUITests */,
				A2AAE1A91E5B8C6000643CEF /* Products */,
			);
			sourceTree = "<group>";
		};
		A2AAE1A91E5B8C6000643CEF /* Products */ = {
			isa = PBXGroup;
			children = (
				A2AAE1A81E5B8C6000643CEF /* RoadPointsApp.app */,
				A2AAE1C01E5B8C6000643CEF /* RoadPointsAppTests.xctest */,
				A2AAE1CB1E5B8C6000643CEF /* RoadPointsAppUITests.xctest */,
			);
			name = Products;
			sourceTree = "<group>";
		};
		A2AAE1AA1E5B8C6000643CEF /* RoadPointsApp */ = {
			isa = PBXGroup;
			children = (
				A2AAE1AB1E5B8C6000643CEF /* AppDelegate.swift */,
				A2AAE1AD1E5B8C6000643CEF /* RootViewController.swift */,
				A2AAE1AF1E5B8C6000643CEF /* DataViewController.swift */,
				A2AAE1B11E5B8C6000643CEF /* ModelController.swift */,
				A2AAE1B31E5B8C6000643CEF /* Main.storyboard */,
				A2AAE1B61E5B8C6000643CEF /* Assets.xcassets */,
				A2AAE1B81E5B8C6000643CEF /* LaunchScreen.storyboard */,
				A2AAE1BB1E5B8C6000643CEF /* Info.plist */,
			);
			path = RoadPointsApp;
			sourceTree = "<group>";
		};
		A2AAE1C31E5B8C6000643CEF /* RoadPointsAppTests */ = {
			isa = PBXGroup;
			children = (
				A2AAE1C41E5B8C6000643CEF /* RoadPointsAppTests.swift */,
				A2AAE1C61E5B8C6000643CEF /* Info.plist */,
			);
			path = RoadPointsAppTests;
			sourceTree = "<group>";
		};
		A2AAE1CE1E5B8C6000643CEF /* RoadPointsAppUITests */ = {
			isa = PBXGroup;
			children = (
				A2AAE1CF1E5B8C6000643CEF /* RoadPointsAppUITests.swift */,
				A2AAE1D11E5B8C6000643CEF /* Info.plist */,
			);
			path = RoadPointsAppUITests;
			sourceTree = "<group>";
		};
/* End PBXGroup section */

/* Begin PBXNativeTarget section */
		A2AAE1A71E5B8C6000643CEF /* RoadPointsApp */ = {
			isa = PBXNativeTarget;
			buildConfigurationList = A2AAE1D41E5B8C6000643CEF /* Build configuration list for PBXNativeTarget "RoadPointsApp" */;
			buildPhases = (
				A2AAE1A41E5B8C6000643CEF /* Sources */,
				A2AAE1A51E5B8C6000643CEF /* Frameworks */,
				A2AAE1A61E5B8C6000643CEF /* Resources */,
			);
			buildRules = (
			);
			dependencies = (
			);
			name = RoadPointsApp;
			productName = RoadPointsApp;
			productReference = A2AAE1A81E5B8C6000643CEF /* RoadPointsApp.app */;
			productType = "com.apple.product-type.application";
		};
		A2AAE1BF1E5B8C6000643CEF /* RoadPointsAppTests */ = {
			isa = PBXNativeTarget;
			buildConfigurationList = A2AAE1D71E5B8C6000643CEF /* Build configuration list for PBXNativeTarget "RoadPointsAppTests" */;
			buildPhases = (
				A2AAE1BC1E5B8C6000643CEF /* Sources */,
				A2AAE1BD1E5B8C6000643CEF /* Frameworks */,
				A2AAE1BE1E5B8C6000643CEF /* Resources */,
			);
			buildRules = (
			);
			dependencies = (
				A2AAE1C21E5B8C6000643CEF /* PBXTargetDependency */,
			);
			name = RoadPointsAppTests;
			productName = RoadPointsAppTests;
			productReference = A2AAE1C01E5B8C6000643CEF /* RoadPointsAppTests.xctest */;
			productType = "com.apple.product-type.bundle.unit-test";
		};
		A2AAE1CA1E5B8C6000643CEF /* RoadPointsAppUITests */ = {
			isa = PBXNativeTarget;
			buildConfigurationList = A2AAE1DA1E5B8C6000643CEF /* Build configuration list for PBXNativeTarget "RoadPointsAppUITests" */;
			buildPhases = (
				A2AAE1C71E5B8C6000643CEF /* Sources */,
				A2AAE1C81E5B8C6000643CEF /* Frameworks */,
				A2AAE1C91E5B8C6000643CEF /* Resources */,
			);
			buildRules = (
			);
			dependencies = (
				A2AAE1CD1E5B8C6000643CEF /* PBXTargetDependency */,
			);
			name = RoadPointsAppUITests;
			productName = RoadPointsAppUITests;
			productReference = A2AAE1CB1E5B8C6000643CEF /* RoadPointsAppUITests.xctest */;
			productType = "com.apple.product-type.bundle.ui-testing";
		};
/* End PBXNativeTarget section */

/* Begin PBXProject section */
		A2AAE1A01E5B8C6000643CEF /* Project object */ = {
			isa = PBXProject;
			attributes = {
				LastSwiftUpdateCheck = 0820;
				LastUpgradeCheck = 0820;
				ORGANIZATIONNAME = "Cord Smith";
				TargetAttributes = {
					A2AAE1A71E5B8C6000643CEF = {
						CreatedOnToolsVersion = 8.2.1;
						ProvisioningStyle = Automatic;
					};
					A2AAE1BF1E5B8C6000643CEF = {
						CreatedOnToolsVersion = 8.2.1;
						ProvisioningStyle = Automatic;
						TestTargetID = A2AAE1A71E5B8C6000643CEF;
					};
					A2AAE1CA1E5B8C6000643CEF = {
						CreatedOnToolsVersion = 8.2.1;
						ProvisioningStyle = Automatic;
						TestTargetID = A2AAE1A71E5B8C6000643CEF;
					};
				};
			};
			buildConfigurationList = A2AAE1A31E5B8C6000643CEF /* Build configuration list for PBXProject "RoadPointsApp" */;
			compatibilityVersion = "Xcode 3.2";
			developmentRegion = English;
			hasScannedForEncodings = 0;
			knownRegions = (
				en,
				Base,
			);
			mainGroup = A2AAE19F1E5B8C6000643CEF;
			productRefGroup = A2AAE1A91E5B8C6000643CEF /* Products */;
			projectDirPath = "";
			projectRoot = "";
			targets = (
				A2AAE1A71E5B8C6000643CEF /* RoadPointsApp */,
				A2AAE1BF1E5B8C6000643CEF /* RoadPointsAppTests */,
				A2AAE1CA1E5B8C6000643CEF /* RoadPointsAppUITests */,
			);
		};
/* End PBXProject section */

/* Begin PBXResourcesBuildPhase section */
		A2AAE1A61E5B8C6000643CEF /* Resources */ = {
			isa = PBXResourcesBuildPhase;
			buildActionMask = 2147483647;
			files = (
				A2AAE1BA1E5B8C6000643CEF /* LaunchScreen.storyboard in Resources */,
				A2AAE1B71E5B8C6000643CEF /* Assets.xcassets in Resources */,
				A2AAE1B51E5B8C6000643CEF /* Main.storyboard in Resources */,
			);
			runOnlyForDeploymentPostprocessing = 0;
		};
		A2AAE1BE1E5B8C6000643CEF /* Resources */ = {
			isa = PBXResourcesBuildPhase;
			buildActionMask = 2147483647;
			files = (
			);
			runOnlyForDeploymentPostprocessing = 0;
		};
		A2AAE1C91E5B8C6000643CEF /* Resources */ = {
			isa = PBXResourcesBuildPhase;
			buildActionMask = 2147483647;
			files = (
			);
			runOnlyForDeploymentPostprocessing = 0;
		};
/* End PBXResourcesBuildPhase section */

/* Begin PBXSourcesBuildPhase section */
		A2AAE1A41E5B8C6000643CEF /* Sources */ = {
			isa = PBXSourcesBuildPhase;
			buildActionMask = 2147483647;
			files = (
				A2AAE1AE1E5B8C6000643CEF /* RootViewController.swift in Sources */,
				A2AAE1B21E5B8C6000643CEF /* ModelController.swift in Sources */,
				A2AAE1B01E5B8C6000643CEF /* DataViewController.swift in Sources */,
				A2AAE1AC1E5B8C6000643CEF /* AppDelegate.swift in Sources */,
			);
			runOnlyForDeploymentPostprocessing = 0;
		};
		A2AAE1BC1E5B8C6000643CEF /* Sources */ = {
			isa = PBXSourcesBuildPhase;
			buildActionMask = 2147483647;
			files = (
				A2AAE1C51E5B8C6000643CEF /* RoadPointsAppTests.swift in Sources */,
			);
			runOnlyForDeploymentPostprocessing = 0;
		};
		A2AAE1C71E5B8C6000643CEF /* Sources */ = {
			isa = PBXSourcesBuildPhase;
			buildActionMask = 2147483647;
			files = (
				A2AAE1D01E5B8C6000643CEF /* RoadPointsAppUITests.swift in Sources */,
			);
			runOnlyForDeploymentPostprocessing = 0;
		};
/* End PBXSourcesBuildPhase section */

/* Begin PBXTargetDependency section */
		A2AAE1C21E5B8C6000643CEF /* PBXTargetDependency */ = {
			isa = PBXTargetDependency;
			target = A2AAE1A71E5B8C6000643CEF /* RoadPointsApp */;
			targetProxy = A2AAE1C11E5B8C6000643CEF /* PBXContainerItemProxy */;
		};
		A2AAE1CD1E5B8C6000643CEF /* PBXTargetDependency */ = {
			isa = PBXTargetDependency;
			target = A2AAE1A71E5B8C6000643CEF /* RoadPointsApp */;
			targetProxy = A2AAE1CC1E5B8C6000643CEF /* PBXContainerItemProxy */;
		};
/* End PBXTargetDependency section */

/* Begin PBXVariantGroup section */
		A2AAE1B31E5B8C6000643CEF /* Main.storyboard */ = {
			isa = PBXVariantGroup;
			children = (
				A2AAE1B41E5B8C6000643CEF /* Base */,
			);
			name = Main.storyboard;
			sourceTree = "<group>";
		};
		A2AAE1B81E5B8C6000643CEF /* LaunchScreen.storyboard */ = {
			isa = PBXVariantGroup;
			children = (
				A2AAE1B91E5B8C6000643CEF /* Base */,
			);
			name = LaunchScreen.storyboard;
			sourceTree = "<group>";
		};
/* End PBXVariantGroup section */

/* Begin XCBuildConfiguration section */
		A2AAE1D21E5B8C6000643CEF /* Debug */ = {
			isa = XCBuildConfiguration;
			buildSettings = {
				ALWAYS_SEARCH_USER_PATHS = NO;
				CLANG_ANALYZER_NONNULL = YES;
				CLANG_CXX_LANGUAGE_STANDARD = "gnu++0x";
				CLANG_CXX_LIBRARY = "libc++";
				CLANG_ENABLE_MODULES = YES;
				CLANG_ENABLE_OBJC_ARC = YES;
				CLANG_WARN_BOOL_CONVERSION = YES;
				CLANG_WARN_CONSTANT_CONVERSION = YES;
				CLANG_WARN_DIRECT_OBJC_ISA_USAGE = YES_ERROR;
				CLANG_WARN_DOCUMENTATION_COMMENTS = YES;
				CLANG_WARN_EMPTY_BODY = YES;
				CLANG_WARN_ENUM_CONVERSION = YES;
				CLANG_WARN_INFINITE_RECURSION = YES;
				CLANG_WARN_INT_CONVERSION = YES;
				CLANG_WARN_OBJC_ROOT_CLASS = YES_ERROR;
				CLANG_WARN_SUSPICIOUS_MOVE = YES;
				CLANG_WARN_UNREACHABLE_CODE = YES;
				CLANG_WARN__DUPLICATE_METHOD_MATCH = YES;
				"CODE_SIGN_IDENTITY[sdk=iphoneos*]" = "iPhone Developer";
				COPY_PHASE_STRIP = NO;
				DEBUG_INFORMATION_FORMAT = dwarf;
				ENABLE_STRICT_OBJC_MSGSEND = YES;
				ENABLE_TESTABILITY = YES;
				GCC_C_LANGUAGE_STANDARD = gnu99;
				GCC_DYNAMIC_NO_PIC = NO;
				GCC_NO_COMMON_BLOCKS = YES;
				GCC_OPTIMIZATION_LEVEL = 0;
				GCC_PREPROCESSOR_DEFINITIONS = (
					"DEBUG=1",
					"$(inherited)",
				);
				GCC_WARN_64_TO_32_BIT_CONVERSION = YES;
				GCC_WARN_ABOUT_RETURN_TYPE = YES_ERROR;
				GCC_WARN_UNDECLARED_SELECTOR = YES;
				GCC_WARN_UNINITIALIZED_AUTOS = YES_AGGRESSIVE;
				GCC_WARN_UNUSED_FUNCTION = YES;
				GCC_WARN_UNUSED_VARIABLE = YES;
				IPHONEOS_DEPLOYMENT_TARGET = 10.2;
				MTL_ENABLE_DEBUG_INFO = YES;
				ONLY_ACTIVE_ARCH = YES;
				SDKROOT = iphoneos;
				SWIFT_ACTIVE_COMPILATION_CONDITIONS = DEBUG;
				SWIFT_OPTIMIZATION_LEVEL = "-Onone";
			};
			name = Debug;
		};
		A2AAE1D31E5B8C6000643CEF /* Release */ = {
			isa = XCBuildConfiguration;
			buildSettings = {
				ALWAYS_SEARCH_USER_PATHS = NO;
				CLANG_ANALYZER_NONNULL = YES;
				CLANG_CXX_LANGUAGE_STANDARD = "gnu++0x";
				CLANG_CXX_LIBRARY = "libc++";
				CLANG_ENABLE_MODULES = YES;
				CLANG_ENABLE_OBJC_ARC = YES;
				CLANG_WARN_BOOL_CONVERSION = YES;
				CLANG_WARN_CONSTANT_CONVERSION = YES;
				CLANG_WARN_DIRECT_OBJC_ISA_USAGE = YES_ERROR;
				CLANG_WARN_DOCUMENTATION_COMMENTS = YES;
				CLANG_WARN_EMPTY_BODY = YES;
				CLANG_WARN_ENUM_CONVERSION = YES;
				CLANG_WARN_INFINITE_RECURSION = YES;
				CLANG_WARN_INT_CONVERSION = YES;
				CLANG_WARN_OBJC_ROOT_CLASS = YES_ERROR;
				CLANG_WARN_SUSPICIOUS_MOVE = YES;
				CLANG_WARN_UNREACHABLE_CODE = YES;
				CLANG_WARN__DUPLICATE_METHOD_MATCH = YES;
				"CODE_SIGN_IDENTITY[sdk=iphoneos*]" = "iPhone Developer";
				COPY_PHASE_STRIP = NO;
				DEBUG_INFORMATION_FORMAT = "dwarf-with-dsym";
				ENABLE_NS_ASSERTIONS = NO;
				ENABLE_STRICT_OBJC_MSGSEND = YES;
				GCC_C_LANGUAGE_STANDARD = gnu99;
				GCC_NO_COMMON_BLOCKS = YES;
				GCC_WARN_64_TO_32_BIT_CONVERSION = YES;
				GCC_WARN_ABOUT_RETURN_TYPE = YES_ERROR;
				GCC_WARN_UNDECLARED_SELECTOR = YES;
				GCC_WARN_UNINITIALIZED_AUTOS = YES_AGGRESSIVE;
				GCC_WARN_UNUSED_FUNCTION = YES;
				GCC_WARN_UNUSED_VARIABLE = YES;
				IPHONEOS_DEPLOYMENT_TARGET = 10.2;
				MTL_ENABLE_DEBUG_INFO = NO;
				SDKROOT = iphoneos;
				SWIFT_OPTIMIZATION_LEVEL = "-Owholemodule";
				VALIDATE_PRODUCT = YES;
			};
			name = Release;
		};
		A2AAE1D51E5B8C6000643CEF /* Debug */ = {
			isa = XCBuildConfiguration;
			buildSettings = {
				ASSETCATALOG_COMPILER_APPICON_NAME = AppIcon;
				INFOPLIST_FILE = RoadPointsApp/Info.plist;
				LD_RUNPATH_SEARCH_PATHS = "$(inherited) @executable_path/Frameworks";
				PRODUCT_BUNDLE_IDENTIFIER = com.cordsmith.RoadPointsApp;
				PRODUCT_NAME = "$(TARGET_NAME)";
				SWIFT_VERSION = 3.0;
			};
			name = Debug;
		};
		A2AAE1D61E5B8C6000643CEF /* Release */ = {
			isa = XCBuildConfiguration;
			buildSettings = {
				ASSETCATALOG_COMPILER_APPICON_NAME = AppIcon;
				INFOPLIST_FILE = RoadPointsApp/Info.plist;
				LD_RUNPATH_SEARCH_PATHS = "$(inherited) @executable_path/Frameworks";
				PRODUCT_BUNDLE_IDENTIFIER = com.cordsmith.RoadPointsApp;
				PRODUCT_NAME = "$(TARGET_NAME)";
				SWIFT_VERSION = 3.0;
			};
			name = Release;
		};
		A2AAE1D81E5B8C6000643CEF /* Debug */ = {
			isa = XCBuildConfiguration;
			buildSettings = {
				ALWAYS_EMBED_SWIFT_STANDARD_LIBRARIES = YES;
				BUNDLE_LOADER = "$(TEST_HOST)";
				INFOPLIST_FILE = RoadPointsAppTests/Info.plist;
				LD_RUNPATH_SEARCH_PATHS = "$(inherited) @executable_path/Frameworks @loader_path/Frameworks";
				PRODUCT_BUNDLE_IDENTIFIER = com.cordsmith.RoadPointsAppTests;
				PRODUCT_NAME = "$(TARGET_NAME)";
				SWIFT_VERSION = 3.0;
				TEST_HOST = "$(BUILT_PRODUCTS_DIR)/RoadPointsApp.app/RoadPointsApp";
			};
			name = Debug;
		};
		A2AAE1D91E5B8C6000643CEF /* Release */ = {
			isa = XCBuildConfiguration;
			buildSettings = {
				ALWAYS_EMBED_SWIFT_STANDARD_LIBRARIES = YES;
				BUNDLE_LOADER = "$(TEST_HOST)";
				INFOPLIST_FILE = RoadPointsAppTests/Info.plist;
				LD_RUNPATH_SEARCH_PATHS = "$(inherited) @executable_path/Frameworks @loader_path/Frameworks";
				PRODUCT_BUNDLE_IDENTIFIER = com.cordsmith.RoadPointsAppTests;
				PRODUCT_NAME = "$(TARGET_NAME)";
				SWIFT_VERSION = 3.0;
				TEST_HOST = "$(BUILT_PRODUCTS_DIR)/RoadPointsApp.app/RoadPointsApp";
			};
			name = Release;
		};
		A2AAE1DB1E5B8C6000643CEF /* Debug */ = {
			isa = XCBuildConfiguration;
			buildSettings = {
				ALWAYS_EMBED_SWIFT_STANDARD_LIBRARIES = YES;
				INFOPLIST_FILE = RoadPointsAppUITests/Info.plist;
				LD_RUNPATH_SEARCH_PATHS = "$(inherited) @executable_path/Frameworks @loader_path/Frameworks";
				PRODUCT_BUNDLE_IDENTIFIER = com.cordsmith.RoadPointsAppUITests;
				PRODUCT_NAME = "$(TARGET_NAME)";
				SWIFT_VERSION = 3.0;
				TEST_TARGET_NAME = RoadPointsApp;
			};
			name = Debug;
		};
		A2AAE1DC1E5B8C6000643CEF /* Release */ = {
			isa = XCBuildConfiguration;
			buildSettings = {
				ALWAYS_EMBED_SWIFT_STANDARD_LIBRARIES = YES;
				INFOPLIST_FILE = RoadPointsAppUITests/Info.plist;
				LD_RUNPATH_SEARCH_PATHS = "$(inherited) @executable_path/Frameworks @loader_path/Frameworks";
				PRODUCT_BUNDLE_IDENTIFIER = com.cordsmith.RoadPointsAppUITests;
				PRODUCT_NAME = "$(TARGET_NAME)";
				SWIFT_VERSION = 3.0;
				TEST_TARGET_NAME = RoadPointsApp;
			};
			name = Release;
		};
/* End XCBuildConfiguration section */

/* Begin XCConfigurationList section */
		A2AAE1A31E5B8C6000643CEF /* Build configuration list for PBXProject "RoadPointsApp" */ = {
			isa = XCConfigurationList;
			buildConfigurations = (
				A2AAE1D21E5B8C6000643CEF /* Debug */,
				A2AAE1D31E5B8C6000643CEF /* Release */,
			);
			defaultConfigurationIsVisible = 0;
			defaultConfigurationName = Release;
		};
		A2AAE1D41E5B8C6000643CEF /* Build configuration list for PBXNativeTarget "RoadPointsApp" */ = {
			isa = XCConfigurationList;
			buildConfigurations = (
				A2AAE1D51E5B8C6000643CEF /* Debug */,
				A2AAE1D61E5B8C6000643CEF /* Release */,
			);
			defaultConfigurationIsVisible = 0;
		};
		A2AAE1D71E5B8C6000643CEF /* Build configuration list for PBXNativeTarget "RoadPointsAppTests" */ = {
			isa = XCConfigurationList;
			buildConfigurations = (
				A2AAE1D81E5B8C6000643CEF /* Debug */,
				A2AAE1D91E5B8C6000643CEF /* Release */,
			);
			defaultConfigurationIsVisible = 0;
		};
		A2AAE1DA1E5B8C6000643CEF /* Build configuration list for PBXNativeTarget "RoadPointsAppUITests" */ = {
			isa = XCConfigurationList;
			buildConfigurations = (
				A2AAE1DB1E5B8C6000643CEF /* Debug */,
				A2AAE1DC1E5B8C6000643CEF /* Release */,
			);
			defaultConfigurationIsVisible = 0;
		};
/* End XCConfigurationList section */
	};
	rootObject = A2AAE1A01E5B8C6000643CEF /* Project object */;
}
